github.com/nunocoracao/blowfish/v2 v2.75.0 h1:tCfhpeTmBcDqLy4JBEYfrQw/Ou24ZVAcicmNbh4APds=
github.com/nunocoracao/blowfish/v2 v2.75.0/go.mod h1:4SkMc+Ht8gpQCwArqiHMBDP3soxi2OWuAhVney+cuyk=
github.com/nunocoracao/blowfish/v2 v2.76.0 h1:okqqwvWb9BLcp6l4P+HnOFuNiGxpfET/UJh/EPLZE3A=
github.com/nunocoracao/blowfish/v2 v2.76.0/go.mod h1:4SkMc+Ht8gpQCwArqiHMBDP3soxi2OWuAhVney+cuyk=
github.com/nunocoracao/blowfish/v2 v2.77.1 h1:HHNdxj/+jdthsXHCasPsxbY/G6/1Jpzjk8cVohAaxkA=
github.com/nunocoracao/blowfish/v2 v2.77.1/go.mod h1:4SkMc+Ht8gpQCwArqiHMBDP3soxi2OWuAhVney+cuyk=
github.com/nunocoracao/blowfish/v2 v2.78.0 h1:rPNg+RGMpLwlOAhdlYUAGdUMxTVwhkZH8VrDnt+WGvs=
github.com/nunocoracao/blowfish/v2 v2.78.0/go.mod h1:4SkMc+Ht8gpQCwArqiHMBDP3soxi2OWuAhVney+cuyk=
github.com/nunocoracao/blowfish/v2 v2.80.0 h1:b4Zyr8cgZiiHpISxGYSVn8CwEzRpfYhvxjLwNqOTzEM=
github.com/nunocoracao/blowfish/v2 v2.80.0/go.mod h1:4SkMc+Ht8gpQCwArqiHMBDP3soxi2OWuAhVney+cuyk=
