github.com/cmlnet/blogwind v0.0.0-20201203190316-13a946d473cb h1:cEvCBgcBgHC4utqLwnJbq/z4lHEG17yA7TzO+Ukr1Uw=
github.com/cmlnet/blogwind v0.0.0-20201203190316-13a946d473cb/go.mod h1:QKwAURPiPFR9W4LVZ5zNbb0jcOFTJHt0RDtFBpZlvB0=
github.com/cmlnet/blogwind v0.0.0-20201208183120-4d47e81b5911 h1:GTpl09mnfSq5WFsp5HlD0qy/pdPXqQwbETYTeDfajiE=
github.com/cmlnet/blogwind v0.0.0-20201208183120-4d47e81b5911/go.mod h1:QKwAURPiPFR9W4LVZ5zNbb0jcOFTJHt0RDtFBpZlvB0=
github.com/cmlnet/blogwind v0.1.0 h1:zds9rQStNxN/E33RkIWBgYhMBCFI9JV0YtU0xds7Q64=
github.com/cmlnet/blogwind v0.1.0/go.mod h1:QKwAURPiPFR9W4LVZ5zNbb0jcOFTJHt0RDtFBpZlvB0=
github.com/cmlnet/blogwind v0.1.1-0.20210514122448-1fecdd167eda h1:oorSghrfjLMcmM/Xf2pp0It9ukOzCEYnCl56otlHPtU=
github.com/cmlnet/blogwind v0.1.1-0.20210514122448-1fecdd167eda/go.mod h1:QKwAURPiPFR9W4LVZ5zNbb0jcOFTJHt0RDtFBpZlvB0=
github.com/cmlnet/blogwind v0.2.1 h1:dGPCrNgEwWPzwTmbzIlGdRC5vHq0MsmhcpzkPFjWnCg=
github.com/cmlnet/blogwind v0.2.1/go.mod h1:QKwAURPiPFR9W4LVZ5zNbb0jcOFTJHt0RDtFBpZlvB0=
github.com/cmlnet/hugo-highcharts v0.0.0-20201207090532-44c0c0500244 h1:s9hrkP7lciA8gorQDMM+oVuUW7rQYG2ysPa62/vlOMk=
github.com/cmlnet/hugo-highcharts v0.0.0-20201207090532-44c0c0500244/go.mod h1:wLkroqA2/bma+lv4cfRqE/alSjE+b50IKgeTHov0frA=
github.com/cmlnet/hugo-highcharts v0.0.0-20201207201621-d331af6d0375 h1:U20Ft6nbiVIpyiABZkdp8fVO0uyCVgAhOXXM/9Loxus=
github.com/cmlnet/hugo-highcharts v0.0.0-20201207201621-d331af6d0375/go.mod h1:wLkroqA2/bma+lv4cfRqE/alSjE+b50IKgeTHov0frA=
github.com/cmlnet/hugo-highcharts v0.0.0-20201208085948-1b3d2ae99a56 h1:ajFhqf8Uiw7XOyMpU53okOx4iIx3xy0yOg35N1AN9SU=
github.com/cmlnet/hugo-highcharts v0.0.0-20201208085948-1b3d2ae99a56/go.mod h1:wLkroqA2/bma+lv4cfRqE/alSjE+b50IKgeTHov0frA=
github.com/cmlnet/hugo-highcharts v0.0.0-20201208135502-1765d558c874 h1:iYp6H6PUcxjrSCDZB9aSujkShTqc+z9rizVFf5ykTQ4=
github.com/cmlnet/hugo-highcharts v0.0.0-20201208135502-1765d558c874/go.mod h1:wLkroqA2/bma+lv4cfRqE/alSjE+b50IKgeTHov0frA=
github.com/cmlnet/hugo-highcharts v0.1.0 h1:ZL9hyGzYzygaic/U0S3WzYh2uUFmXigysHuTH6n7mdM=
github.com/cmlnet/hugo-highcharts v0.1.0/go.mod h1:wLkroqA2/bma+lv4cfRqE/alSjE+b50IKgeTHov0frA=
github.com/cmlnet/hugo-highcharts v0.2.0 h1:OBtXhFYauzNaxy0l7U+KJoXnafj5whym2tvpI1b46Yo=
github.com/cmlnet/hugo-highcharts v0.2.0/go.mod h1:wLkroqA2/bma+lv4cfRqE/alSjE+b50IKgeTHov0frA=
